
Microsoft Visual Studio Solution File, Format Version 12.00
# Visual Studio Version 16
VisualStudioVersion = 16.0.30517.126
MinimumVisualStudioVersion = 10.0.40219.1
Project("{FAE04EC0-301F-11D3-BF4B-00C04F79EFBC}") = "howoldareyou", "howoldareyou\howoldareyou.csproj", "{B89B998F-BCB5-4681-90F8-B262B49C5DFC}"
EndProject
Project("{FAE04EC0-301F-11D3-BF4B-00C04F79EFBC}") = "Fullname", "Fullname\Fullname.csproj", "{AFCABFFA-DEBC-4129-A6A0-4B770600B3A6}"
EndProject
Global
	GlobalSection(SolutionConfigurationPlatforms) = preSolution
		Debug|Any CPU = Debug|Any CPU
		Release|Any CPU = Release|Any CPU
	EndGlobalSection
	GlobalSection(ProjectConfigurationPlatforms) = postSolution
		{B89B998F-BCB5-4681-90F8-B262B49C5DFC}.Debug|Any CPU.ActiveCfg = Debug|Any CPU
		{B89B998F-BCB5-4681-90F8-B262B49C5DFC}.Debug|Any CPU.Build.0 = Debug|Any CPU
		{B89B998F-BCB5-4681-90F8-B262B49C5DFC}.Release|Any CPU.ActiveCfg = Release|Any CPU
		{B89B998F-BCB5-4681-90F8-B262B49C5DFC}.Release|Any CPU.Build.0 = Release|Any CPU
		{AFCABFFA-DEBC-4129-A6A0-4B770600B3A6}.Debug|Any CPU.ActiveCfg = Debug|Any CPU
		{AFCABFFA-DEBC-4129-A6A0-4B770600B3A6}.Debug|Any CPU.Build.0 = Debug|Any CPU
		{AFCABFFA-DEBC-4129-A6A0-4B770600B3A6}.Release|Any CPU.ActiveCfg = Release|Any CPU
		{AFCABFFA-DEBC-4129-A6A0-4B770600B3A6}.Release|Any CPU.Build.0 = Release|Any CPU
	EndGlobalSection
	GlobalSection(SolutionProperties) = preSolution
		HideSolutionNode = FALSE
	EndGlobalSection
	GlobalSection(ExtensibilityGlobals) = postSolution
		SolutionGuid = {B67BF4DD-532A-4703-ACB9-EEA1A2458D14}
	EndGlobalSection
EndGlobal
